{
  "version": 4,
  "terraform_version": "1.9.5",
  "serial": 23,
  "lineage": "03d29c6d-ca82-0b7e-147f-e427aeedc575",
  "outputs": {
    "app_insights_app_id": {
      "value": [
        "baa41873-f6e4-43fc-b4c3-6cf316fa2e81"
      ],
      "type": [
        "tuple",
        [
          "string"
        ]
      ]
    },
    "app_insights_connection_string": {
      "value": [
        "InstrumentationKey=cecbfcd5-f56a-415d-8ca5-ae22dad668aa;IngestionEndpoint=https://eastus-0.in.applicationinsights.azure.com/;LiveEndpoint=https://eastus.livediagnostics.monitor.azure.com/;ApplicationId=baa41873-f6e4-43fc-b4c3-6cf316fa2e81"
      ],
      "type": [
        "tuple",
        [
          "string"
        ]
      ],
      "sensitive": true
    },
    "app_insights_instrumentation_key": {
      "value": [
        "cecbfcd5-f56a-415d-8ca5-ae22dad668aa"
      ],
      "type": [
        "tuple",
        [
          "string"
        ]
      ],
      "sensitive": true
    },
    "application_insights_id": {
      "value": [
        "/subscriptions/e6b43cb4-eaf9-4ef0-a0fa-aae925dae9f6/resourceGroups/nizam-net-rg/providers/Microsoft.Insights/components/appi-mydemoappinsightworkspace"
      ],
      "type": [
        "tuple",
        [
          "string"
        ]
      ]
    },
    "gateway_subnet_id": {
      "value": "/subscriptions/e6b43cb4-eaf9-4ef0-a0fa-aae925dae9f6/resourceGroups/nizam-net-rg/providers/Microsoft.Network/virtualNetworks/vnet-001/subnets/GatewaySubnet",
      "type": "string"
    },
    "id": {
      "value": "/subscriptions/e6b43cb4-eaf9-4ef0-a0fa-aae925dae9f6/resourceGroups/nizam-net-rg/providers/Microsoft.OperationalInsights/workspaces/law-shared-0012",
      "type": "string"
    },
    "name": {
      "value": "law-shared-0012",
      "type": "string"
    },
    "network_security_group_ids": {
      "value": [
        "/subscriptions/e6b43cb4-eaf9-4ef0-a0fa-aae925dae9f6/resourceGroups/nizam-net-rg/providers/Microsoft.Network/networkSecurityGroups/nsg_app_subnet_in",
        "/subscriptions/e6b43cb4-eaf9-4ef0-a0fa-aae925dae9f6/resourceGroups/nizam-net-rg/providers/Microsoft.Network/networkSecurityGroups/nsg_db_subnet_in",
        "/subscriptions/e6b43cb4-eaf9-4ef0-a0fa-aae925dae9f6/resourceGroups/nizam-net-rg/providers/Microsoft.Network/networkSecurityGroups/nsg_mgnt_subnet_in",
        "/subscriptions/e6b43cb4-eaf9-4ef0-a0fa-aae925dae9f6/resourceGroups/nizam-net-rg/providers/Microsoft.Network/networkSecurityGroups/nsg_pvt_subnet_in",
        "/subscriptions/e6b43cb4-eaf9-4ef0-a0fa-aae925dae9f6/resourceGroups/nizam-net-rg/providers/Microsoft.Network/networkSecurityGroups/nsg_web_subnet_in"
      ],
      "type": [
        "tuple",
        [
          "string",
          "string",
          "string",
          "string",
          "string"
        ]
      ]
    },
    "primary_shared_key": {
      "value": "m3aIAJg4zHm7zG0HaFzSyaUGHih8Pi67+zeeZQ191huxkv4TpxwlCoB+aog5iGUT9xkpacdmNhdzBGTvFi/JTw==",
      "type": "string",
      "sensitive": true
    },
    "resource_group_location": {
      "value": "eastus",
      "type": "string"
    },
    "resource_group_name": {
      "value": "nizam-net-rg",
      "type": "string"
    },
    "secondary_shared_key": {
      "value": "4Ae2EmKbGMsXyLfC4H7xjXlxlIOa65xyaYjFE0SCF+NBHAA0LBoFZr8o6onEvBo5bSYjhQBUWg9Xs/5sRsdDJQ==",
      "type": "string",
      "sensitive": true
    },
    "subnet_address_prefixes": {
      "value": [
        "10.1.5.0/24",
        "10.1.6.0/24",
        "10.1.2.0/24",
        "10.1.4.0/24",
        "10.1.3.0/24",
        "10.1.1.0/27",
        "10.1.0.0/26"
      ],
      "type": [
        "tuple",
        [
          "string",
          "string",
          "string",
          "string",
          "string",
          "string",
          "string"
        ]
      ]
    },
    "virtual_network_address_space": {
      "value": [
        "10.1.0.0/16"
      ],
      "type": [
        "set",
        "string"
      ]
    },
    "virtual_network_id": {
      "value": "/subscriptions/e6b43cb4-eaf9-4ef0-a0fa-aae925dae9f6/resourceGroups/nizam-net-rg/providers/Microsoft.Network/virtualNetworks/vnet-001",
      "type": "string"
    },
    "virtual_network_name": {
      "value": "vnet-001",
      "type": "string"
    },
    "workspace_id": {
      "value": "e0daf697-83a7-4008-9eb3-3e298f8fcd29",
      "type": "string"
    }
  },
  "resources": [
    {
      "mode": "managed",
      "type": "azurerm_user_assigned_identity",
      "name": "example",
      "provider": "provider[\"registry.terraform.io/hashicorp/azurerm\"]",
      "instances": [
        {
          "index_key": "user-identity3",
          "schema_version": 1,
          "attributes": {
            "client_id": "ca96d1b2-3d21-4489-ab2c-ada8d7db65d8",
            "id": "/subscriptions/e6b43cb4-eaf9-4ef0-a0fa-aae925dae9f6/resourceGroups/nizam-net-rg/providers/Microsoft.ManagedIdentity/userAssignedIdentities/user-identity3",
            "location": "eastus",
            "name": "user-identity3",
            "principal_id": "1ee9db67-fe47-41c6-b05f-b7160a5abb57",
            "resource_group_name": "nizam-net-rg",
            "tags": null,
            "tenant_id": "5b973f99-77df-4beb-b27d-aa0c70b8482c",
            "timeouts": null
          },
          "sensitive_attributes": [],
          "private": "eyJlMmJmYjczMC1lY2FhLTExZTYtOGY4OC0zNDM2M2JjN2M0YzAiOnsiY3JlYXRlIjoxODAwMDAwMDAwMDAwLCJkZWxldGUiOjE4MDAwMDAwMDAwMDAsInJlYWQiOjMwMDAwMDAwMDAwMCwidXBkYXRlIjoxODAwMDAwMDAwMDAwfSwic2NoZW1hX3ZlcnNpb24iOiIxIn0=",
          "dependencies": [
            "module.resource_group_name.azurerm_resource_group.rg"
          ]
        },
        {
          "index_key": "user-identity4",
          "schema_version": 1,
          "attributes": {
            "client_id": "1f6d94a8-0bb0-4c1c-8805-f2eb792a5857",
            "id": "/subscriptions/e6b43cb4-eaf9-4ef0-a0fa-aae925dae9f6/resourceGroups/nizam-net-rg/providers/Microsoft.ManagedIdentity/userAssignedIdentities/user-identity4",
            "location": "eastus",
            "name": "user-identity4",
            "principal_id": "a66bc494-7a1d-471d-8cb8-b85cbfda407d",
            "resource_group_name": "nizam-net-rg",
            "tags": null,
            "tenant_id": "5b973f99-77df-4beb-b27d-aa0c70b8482c",
            "timeouts": null
          },
          "sensitive_attributes": [],
          "private": "eyJlMmJmYjczMC1lY2FhLTExZTYtOGY4OC0zNDM2M2JjN2M0YzAiOnsiY3JlYXRlIjoxODAwMDAwMDAwMDAwLCJkZWxldGUiOjE4MDAwMDAwMDAwMDAsInJlYWQiOjMwMDAwMDAwMDAwMCwidXBkYXRlIjoxODAwMDAwMDAwMDAwfSwic2NoZW1hX3ZlcnNpb24iOiIxIn0=",
          "dependencies": [
            "module.resource_group_name.azurerm_resource_group.rg"
          ]
        }
      ]
    },
    {
      "module": "module.application-insights",
      "mode": "managed",
      "type": "azurerm_application_insights",
      "name": "main",
      "provider": "provider[\"registry.terraform.io/hashicorp/azurerm\"]",
      "instances": [
        {
          "index_key": "mydemoappinsightworkspace",
          "schema_version": 2,
          "attributes": {
            "app_id": "baa41873-f6e4-43fc-b4c3-6cf316fa2e81",
            "application_type": "web",
            "connection_string": "InstrumentationKey=cecbfcd5-f56a-415d-8ca5-ae22dad668aa;IngestionEndpoint=https://eastus-0.in.applicationinsights.azure.com/;LiveEndpoint=https://eastus.livediagnostics.monitor.azure.com/;ApplicationId=baa41873-f6e4-43fc-b4c3-6cf316fa2e81",
            "daily_data_cap_in_gb": 100,
            "daily_data_cap_notifications_disabled": false,
            "disable_ip_masking": false,
            "force_customer_storage_for_profiler": false,
            "id": "/subscriptions/e6b43cb4-eaf9-4ef0-a0fa-aae925dae9f6/resourceGroups/nizam-net-rg/providers/Microsoft.Insights/components/appi-mydemoappinsightworkspace",
            "instrumentation_key": "cecbfcd5-f56a-415d-8ca5-ae22dad668aa",
            "internet_ingestion_enabled": true,
            "internet_query_enabled": true,
            "local_authentication_disabled": false,
            "location": "eastus",
            "name": "appi-mydemoappinsightworkspace",
            "resource_group_name": "nizam-net-rg",
            "retention_in_days": 90,
            "sampling_percentage": 100,
            "tags": {
              "BusinessUnit": "CORP",
              "Env": "dev",
              "Owner": "user@example.com",
              "ProjectName": "demo-internal",
              "ResourceName": "appi-mydemoappinsightworkspace",
              "ServiceClass": "Gold"
            },
            "timeouts": null,
            "workspace_id": ""
          },
          "sensitive_attributes": [
            [
              {
                "type": "get_attr",
                "value": "instrumentation_key"
              }
            ],
            [
              {
                "type": "get_attr",
                "value": "connection_string"
              }
            ]
          ],
          "private": "eyJlMmJmYjczMC1lY2FhLTExZTYtOGY4OC0zNDM2M2JjN2M0YzAiOnsiY3JlYXRlIjozNjAwMDAwMDAwMDAwLCJkZWxldGUiOjE4MDAwMDAwMDAwMDAsInJlYWQiOjMwMDAwMDAwMDAwMCwidXBkYXRlIjoxODAwMDAwMDAwMDAwfSwic2NoZW1hX3ZlcnNpb24iOiIyIn0=",
          "dependencies": [
            "module.resource_group_name.azurerm_resource_group.rg"
          ]
        }
      ]
    },
    {
      "module": "module.log_analytics_workspace",
      "mode": "managed",
      "type": "azurerm_log_analytics_workspace",
      "name": "example",
      "provider": "provider[\"registry.terraform.io/hashicorp/azurerm\"]",
      "instances": [
        {
          "schema_version": 3,
          "attributes": {
            "allow_resource_only_permissions": true,
            "cmk_for_query_forced": false,
            "daily_quota_gb": 0.5,
            "data_collection_rule_id": "",
            "id": "/subscriptions/e6b43cb4-eaf9-4ef0-a0fa-aae925dae9f6/resourceGroups/nizam-net-rg/providers/Microsoft.OperationalInsights/workspaces/law-shared-0012",
            "identity": [],
            "immediate_data_purge_on_30_days_enabled": false,
            "internet_ingestion_enabled": false,
            "internet_query_enabled": true,
            "local_authentication_disabled": false,
            "location": "eastus",
            "name": "law-shared-0012",
            "primary_shared_key": "m3aIAJg4zHm7zG0HaFzSyaUGHih8Pi67+zeeZQ191huxkv4TpxwlCoB+aog5iGUT9xkpacdmNhdzBGTvFi/JTw==",
            "reservation_capacity_in_gb_per_day": null,
            "resource_group_name": "nizam-net-rg",
            "retention_in_days": 30,
            "secondary_shared_key": "4Ae2EmKbGMsXyLfC4H7xjXlxlIOa65xyaYjFE0SCF+NBHAA0LBoFZr8o6onEvBo5bSYjhQBUWg9Xs/5sRsdDJQ==",
            "sku": "PerGB2018",
            "tags": {
              "BusinessUnit": "CORP",
              "Env": "dev",
              "Name": "nizam-net-rg",
              "Owner": "user@example.com",
              "ProjectName": "demo-internal",
              "ServiceClass": "Gold"
            },
            "timeouts": null,
            "workspace_id": "e0daf697-83a7-4008-9eb3-3e298f8fcd29"
          },
          "sensitive_attributes": [
            [
              {
                "type": "get_attr",
                "value": "primary_shared_key"
              }
            ],
            [
              {
                "type": "get_attr",
                "value": "secondary_shared_key"
              }
            ]
          ],
          "private": "eyJlMmJmYjczMC1lY2FhLTExZTYtOGY4OC0zNDM2M2JjN2M0YzAiOnsiY3JlYXRlIjoxODAwMDAwMDAwMDAwLCJkZWxldGUiOjE4MDAwMDAwMDAwMDAsInJlYWQiOjMwMDAwMDAwMDAwMCwidXBkYXRlIjoxODAwMDAwMDAwMDAwfSwic2NoZW1hX3ZlcnNpb24iOiIzIn0=",
          "dependencies": [
            "module.resource_group_name.azurerm_resource_group.rg"
          ]
        }
      ]
    },
    {
      "module": "module.resource_group_name",
      "mode": "managed",
      "type": "azurerm_resource_group",
      "name": "rg",
      "provider": "provider[\"registry.terraform.io/hashicorp/azurerm\"]",
      "instances": [
        {
          "index_key": 0,
          "schema_version": 0,
          "attributes": {
            "id": "/subscriptions/e6b43cb4-eaf9-4ef0-a0fa-aae925dae9f6/resourceGroups/nizam-net-rg",
            "location": "eastus",
            "managed_by": "",
            "name": "nizam-net-rg",
            "tags": {
              "BusinessUnit": "CORP",
              "Env": "dev",
              "Name": "nizam-net-rg",
              "Owner": "user@example.com",
              "ProjectName": "demo-internal",
              "ServiceClass": "Gold"
            },
            "timeouts": null
          },
          "sensitive_attributes": [],
          "private": "eyJlMmJmYjczMC1lY2FhLTExZTYtOGY4OC0zNDM2M2JjN2M0YzAiOnsiY3JlYXRlIjo1NDAwMDAwMDAwMDAwLCJkZWxldGUiOjU0MDAwMDAwMDAwMDAsInJlYWQiOjMwMDAwMDAwMDAwMCwidXBkYXRlIjo1NDAwMDAwMDAwMDAwfX0="
        }
      ]
    },
    {
      "module": "module.storage",
      "mode": "managed",
      "type": "random_string",
      "name": "unique",
      "provider": "provider[\"registry.terraform.io/hashicorp/random\"]",
      "instances": [
        {
          "schema_version": 2,
          "attributes": {
            "id": "e1rwij",
            "keepers": null,
            "length": 6,
            "lower": true,
            "min_lower": 0,
            "min_numeric": 0,
            "min_special": 0,
            "min_upper": 0,
            "number": true,
            "numeric": true,
            "override_special": null,
            "result": "e1rwij",
            "special": false,
            "upper": false
          },
          "sensitive_attributes": []
        }
      ]
    },
    {
      "module": "module.vnet",
      "mode": "managed",
      "type": "azurerm_network_ddos_protection_plan",
      "name": "ddos",
      "provider": "provider[\"registry.terraform.io/hashicorp/azurerm\"]",
      "instances": []
    },
    {
      "module": "module.vnet",
      "mode": "managed",
      "type": "azurerm_network_security_group",
      "name": "nsg",
      "provider": "provider[\"registry.terraform.io/hashicorp/azurerm\"]",
      "instances": [
        {
          "index_key": "app_subnet",
          "schema_version": 0,
          "attributes": {
            "id": "/subscriptions/e6b43cb4-eaf9-4ef0-a0fa-aae925dae9f6/resourceGroups/nizam-net-rg/providers/Microsoft.Network/networkSecurityGroups/nsg_app_subnet_in",
            "location": "eastus",
            "name": "nsg_app_subnet_in",
            "resource_group_name": "nizam-net-rg",
            "security_rule": [
              {
                "access": "Allow",
                "description": "Inbound_Port_443",
                "destination_address_prefix": "10.1.5.0/24",
                "destination_address_prefixes": [],
                "destination_application_security_group_ids": [],
                "destination_port_range": "443",
                "destination_port_ranges": [],
                "direction": "Inbound",
                "name": "weballow1",
                "priority": 101,
                "protocol": "Tcp",
                "source_address_prefix": "*",
                "source_address_prefixes": [],
                "source_application_security_group_ids": [],
                "source_port_range": "*",
                "source_port_ranges": []
              },
              {
                "access": "Allow",
                "description": "Inbound_Port_80",
                "destination_address_prefix": "0.0.0.0/0",
                "destination_address_prefixes": [],
                "destination_application_security_group_ids": [],
                "destination_port_range": "80",
                "destination_port_ranges": [],
                "direction": "Inbound",
                "name": "weballow",
                "priority": 100,
                "protocol": "Tcp",
                "source_address_prefix": "*",
                "source_address_prefixes": [],
                "source_application_security_group_ids": [],
                "source_port_range": "*",
                "source_port_ranges": []
              },
              {
                "access": "Allow",
                "description": "Inbound_Port_8080-8090",
                "destination_address_prefix": "10.1.5.0/24",
                "destination_address_prefixes": [],
                "destination_application_security_group_ids": [],
                "destination_port_range": "8080-8090",
                "destination_port_ranges": [],
                "direction": "Inbound",
                "name": "weballow2",
                "priority": 102,
                "protocol": "Tcp",
                "source_address_prefix": "*",
                "source_address_prefixes": [],
                "source_application_security_group_ids": [],
                "source_port_range": "*",
                "source_port_ranges": []
              },
              {
                "access": "Allow",
                "description": "Outbound_Port_123",
                "destination_address_prefix": "0.0.0.0/0",
                "destination_address_prefixes": [],
                "destination_application_security_group_ids": [],
                "destination_port_range": "123",
                "destination_port_ranges": [],
                "direction": "Outbound",
                "name": "ntp_out",
                "priority": 103,
                "protocol": "Udp",
                "source_address_prefix": "10.1.5.0/24",
                "source_address_prefixes": [],
                "source_application_security_group_ids": [],
                "source_port_range": "*",
                "source_port_ranges": []
              }
            ],
            "tags": {
              "BusinessUnit": "CORP",
              "Env": "dev",
              "Owner": "user@example.com",
              "ProjectName": "demo-internal",
              "ResourceName": "nsg_app_subnet_in",
              "ServiceClass": "Gold"
            },
            "timeouts": null
          },
          "sensitive_attributes": [],
          "private": "eyJlMmJmYjczMC1lY2FhLTExZTYtOGY4OC0zNDM2M2JjN2M0YzAiOnsiY3JlYXRlIjoxODAwMDAwMDAwMDAwLCJkZWxldGUiOjE4MDAwMDAwMDAwMDAsInJlYWQiOjMwMDAwMDAwMDAwMCwidXBkYXRlIjoxODAwMDAwMDAwMDAwfX0=",
          "dependencies": [
            "module.resource_group_name.azurerm_resource_group.rg"
          ]
        },
        {
          "index_key": "db_subnet",
          "schema_version": 0,
          "attributes": {
            "id": "/subscriptions/e6b43cb4-eaf9-4ef0-a0fa-aae925dae9f6/resourceGroups/nizam-net-rg/providers/Microsoft.Network/networkSecurityGroups/nsg_db_subnet_in",
            "location": "eastus",
            "name": "nsg_db_subnet_in",
            "resource_group_name": "nizam-net-rg",
            "security_rule": [
              {
                "access": "Allow",
                "description": "Inbound_Port_443",
                "destination_address_prefix": "10.1.6.0/24",
                "destination_address_prefixes": [],
                "destination_application_security_group_ids": [],
                "destination_port_range": "443",
                "destination_port_ranges": [],
                "direction": "Inbound",
                "name": "weballow1",
                "priority": 101,
                "protocol": "Tcp",
                "source_address_prefix": "*",
                "source_address_prefixes": [],
                "source_application_security_group_ids": [],
                "source_port_range": "*",
                "source_port_ranges": []
              },
              {
                "access": "Allow",
                "description": "Inbound_Port_80",
                "destination_address_prefix": "0.0.0.0/0",
                "destination_address_prefixes": [],
                "destination_application_security_group_ids": [],
                "destination_port_range": "80",
                "destination_port_ranges": [],
                "direction": "Inbound",
                "name": "weballow",
                "priority": 100,
                "protocol": "Tcp",
                "source_address_prefix": "*",
                "source_address_prefixes": [],
                "source_application_security_group_ids": [],
                "source_port_range": "*",
                "source_port_ranges": []
              },
              {
                "access": "Allow",
                "description": "Inbound_Port_8080-8090",
                "destination_address_prefix": "10.1.6.0/24",
                "destination_address_prefixes": [],
                "destination_application_security_group_ids": [],
                "destination_port_range": "8080-8090",
                "destination_port_ranges": [],
                "direction": "Inbound",
                "name": "weballow2",
                "priority": 102,
                "protocol": "Tcp",
                "source_address_prefix": "*",
                "source_address_prefixes": [],
                "source_application_security_group_ids": [],
                "source_port_range": "*",
                "source_port_ranges": []
              },
              {
                "access": "Allow",
                "description": "Outbound_Port_123",
                "destination_address_prefix": "0.0.0.0/0",
                "destination_address_prefixes": [],
                "destination_application_security_group_ids": [],
                "destination_port_range": "123",
                "destination_port_ranges": [],
                "direction": "Outbound",
                "name": "ntp_out",
                "priority": 103,
                "protocol": "Udp",
                "source_address_prefix": "10.1.6.0/24",
                "source_address_prefixes": [],
                "source_application_security_group_ids": [],
                "source_port_range": "*",
                "source_port_ranges": []
              }
            ],
            "tags": {
              "BusinessUnit": "CORP",
              "Env": "dev",
              "Owner": "user@example.com",
              "ProjectName": "demo-internal",
              "ResourceName": "nsg_db_subnet_in",
              "ServiceClass": "Gold"
            },
            "timeouts": null
          },
          "sensitive_attributes": [],
          "private": "eyJlMmJmYjczMC1lY2FhLTExZTYtOGY4OC0zNDM2M2JjN2M0YzAiOnsiY3JlYXRlIjoxODAwMDAwMDAwMDAwLCJkZWxldGUiOjE4MDAwMDAwMDAwMDAsInJlYWQiOjMwMDAwMDAwMDAwMCwidXBkYXRlIjoxODAwMDAwMDAwMDAwfX0=",
          "dependencies": [
            "module.resource_group_name.azurerm_resource_group.rg"
          ]
        },
        {
          "index_key": "mgnt_subnet",
          "schema_version": 0,
          "attributes": {
            "id": "/subscriptions/e6b43cb4-eaf9-4ef0-a0fa-aae925dae9f6/resourceGroups/nizam-net-rg/providers/Microsoft.Network/networkSecurityGroups/nsg_mgnt_subnet_in",
            "location": "eastus",
            "name": "nsg_mgnt_subnet_in",
            "resource_group_name": "nizam-net-rg",
            "security_rule": [
              {
                "access": "Allow",
                "description": "Inbound_Port_443",
                "destination_address_prefix": "10.1.2.0/24",
                "destination_address_prefixes": [],
                "destination_application_security_group_ids": [],
                "destination_port_range": "443",
                "destination_port_ranges": [],
                "direction": "Inbound",
                "name": "weballow1",
                "priority": 101,
                "protocol": "Tcp",
                "source_address_prefix": "*",
                "source_address_prefixes": [],
                "source_application_security_group_ids": [],
                "source_port_range": "*",
                "source_port_ranges": []
              },
              {
                "access": "Allow",
                "description": "Inbound_Port_80",
                "destination_address_prefix": "0.0.0.0/0",
                "destination_address_prefixes": [],
                "destination_application_security_group_ids": [],
                "destination_port_range": "80",
                "destination_port_ranges": [],
                "direction": "Inbound",
                "name": "weballow",
                "priority": 100,
                "protocol": "Tcp",
                "source_address_prefix": "*",
                "source_address_prefixes": [],
                "source_application_security_group_ids": [],
                "source_port_range": "*",
                "source_port_ranges": []
              },
              {
                "access": "Allow",
                "description": "Inbound_Port_8080-8090",
                "destination_address_prefix": "10.1.2.0/24",
                "destination_address_prefixes": [],
                "destination_application_security_group_ids": [],
                "destination_port_range": "8080-8090",
                "destination_port_ranges": [],
                "direction": "Inbound",
                "name": "weballow2",
                "priority": 102,
                "protocol": "Tcp",
                "source_address_prefix": "*",
                "source_address_prefixes": [],
                "source_application_security_group_ids": [],
                "source_port_range": "*",
                "source_port_ranges": []
              },
              {
                "access": "Allow",
                "description": "Outbound_Port_123",
                "destination_address_prefix": "0.0.0.0/0",
                "destination_address_prefixes": [],
                "destination_application_security_group_ids": [],
                "destination_port_range": "123",
                "destination_port_ranges": [],
                "direction": "Outbound",
                "name": "ntp_out",
                "priority": 103,
                "protocol": "Udp",
                "source_address_prefix": "10.1.2.0/24",
                "source_address_prefixes": [],
                "source_application_security_group_ids": [],
                "source_port_range": "*",
                "source_port_ranges": []
              }
            ],
            "tags": {
              "BusinessUnit": "CORP",
              "Env": "dev",
              "Owner": "user@example.com",
              "ProjectName": "demo-internal",
              "ResourceName": "nsg_mgnt_subnet_in",
              "ServiceClass": "Gold"
            },
            "timeouts": null
          },
          "sensitive_attributes": [],
          "private": "eyJlMmJmYjczMC1lY2FhLTExZTYtOGY4OC0zNDM2M2JjN2M0YzAiOnsiY3JlYXRlIjoxODAwMDAwMDAwMDAwLCJkZWxldGUiOjE4MDAwMDAwMDAwMDAsInJlYWQiOjMwMDAwMDAwMDAwMCwidXBkYXRlIjoxODAwMDAwMDAwMDAwfX0=",
          "dependencies": [
            "module.resource_group_name.azurerm_resource_group.rg"
          ]
        },
        {
          "index_key": "pvt_subnet",
          "schema_version": 0,
          "attributes": {
            "id": "/subscriptions/e6b43cb4-eaf9-4ef0-a0fa-aae925dae9f6/resourceGroups/nizam-net-rg/providers/Microsoft.Network/networkSecurityGroups/nsg_pvt_subnet_in",
            "location": "eastus",
            "name": "nsg_pvt_subnet_in",
            "resource_group_name": "nizam-net-rg",
            "security_rule": [],
            "tags": {
              "BusinessUnit": "CORP",
              "Env": "dev",
              "Owner": "user@example.com",
              "ProjectName": "demo-internal",
              "ResourceName": "nsg_pvt_subnet_in",
              "ServiceClass": "Gold"
            },
            "timeouts": null
          },
          "sensitive_attributes": [],
          "private": "eyJlMmJmYjczMC1lY2FhLTExZTYtOGY4OC0zNDM2M2JjN2M0YzAiOnsiY3JlYXRlIjoxODAwMDAwMDAwMDAwLCJkZWxldGUiOjE4MDAwMDAwMDAwMDAsInJlYWQiOjMwMDAwMDAwMDAwMCwidXBkYXRlIjoxODAwMDAwMDAwMDAwfX0=",
          "dependencies": [
            "module.resource_group_name.azurerm_resource_group.rg"
          ]
        },
        {
          "index_key": "web_subnet",
          "schema_version": 0,
          "attributes": {
            "id": "/subscriptions/e6b43cb4-eaf9-4ef0-a0fa-aae925dae9f6/resourceGroups/nizam-net-rg/providers/Microsoft.Network/networkSecurityGroups/nsg_web_subnet_in",
            "location": "eastus",
            "name": "nsg_web_subnet_in",
            "resource_group_name": "nizam-net-rg",
            "security_rule": [
              {
                "access": "Allow",
                "description": "Inbound_Port_443",
                "destination_address_prefix": "10.1.3.0/24",
                "destination_address_prefixes": [],
                "destination_application_security_group_ids": [],
                "destination_port_range": "443",
                "destination_port_ranges": [],
                "direction": "Inbound",
                "name": "weballow1",
                "priority": 201,
                "protocol": "Tcp",
                "source_address_prefix": "AzureLoadBalancer",
                "source_address_prefixes": [],
                "source_application_security_group_ids": [],
                "source_port_range": "*",
                "source_port_ranges": []
              },
              {
                "access": "Allow",
                "description": "Inbound_Port_80",
                "destination_address_prefix": "10.1.3.0/24",
                "destination_address_prefixes": [],
                "destination_application_security_group_ids": [],
                "destination_port_range": "80",
                "destination_port_ranges": [],
                "direction": "Inbound",
                "name": "weballow",
                "priority": 200,
                "protocol": "Tcp",
                "source_address_prefix": "*",
                "source_address_prefixes": [],
                "source_application_security_group_ids": [],
                "source_port_range": "*",
                "source_port_ranges": []
              },
              {
                "access": "Allow",
                "description": "Inbound_Port_9090",
                "destination_address_prefix": "10.1.3.0/24",
                "destination_address_prefixes": [],
                "destination_application_security_group_ids": [],
                "destination_port_range": "9090",
                "destination_port_ranges": [],
                "direction": "Inbound",
                "name": "weballow2",
                "priority": 202,
                "protocol": "Tcp",
                "source_address_prefix": "VirtualNetwork",
                "source_address_prefixes": [],
                "source_application_security_group_ids": [],
                "source_port_range": "*",
                "source_port_ranges": []
              }
            ],
            "tags": {
              "BusinessUnit": "CORP",
              "Env": "dev",
              "Owner": "user@example.com",
              "ProjectName": "demo-internal",
              "ResourceName": "nsg_web_subnet_in",
              "ServiceClass": "Gold"
            },
            "timeouts": null
          },
          "sensitive_attributes": [],
          "private": "eyJlMmJmYjczMC1lY2FhLTExZTYtOGY4OC0zNDM2M2JjN2M0YzAiOnsiY3JlYXRlIjoxODAwMDAwMDAwMDAwLCJkZWxldGUiOjE4MDAwMDAwMDAwMDAsInJlYWQiOjMwMDAwMDAwMDAwMCwidXBkYXRlIjoxODAwMDAwMDAwMDAwfX0=",
          "dependencies": [
            "module.resource_group_name.azurerm_resource_group.rg"
          ]
        }
      ]
    },
    {
      "module": "module.vnet",
      "mode": "managed",
      "type": "azurerm_network_watcher",
      "name": "nwatcher",
      "provider": "provider[\"registry.terraform.io/hashicorp/azurerm\"]",
      "instances": []
    },
    {
      "module": "module.vnet",
      "mode": "managed",
      "type": "azurerm_resource_group",
      "name": "nwatcher",
      "provider": "provider[\"registry.terraform.io/hashicorp/azurerm\"]",
      "instances": []
    },
    {
      "module": "module.vnet",
      "mode": "managed",
      "type": "azurerm_subnet",
      "name": "fw-snet",
      "provider": "provider[\"registry.terraform.io/hashicorp/azurerm\"]",
      "instances": [
        {
          "index_key": 0,
          "schema_version": 0,
          "attributes": {
            "address_prefixes": [
              "10.1.0.0/26"
            ],
            "default_outbound_access_enabled": true,
            "delegation": [],
            "id": "/subscriptions/e6b43cb4-eaf9-4ef0-a0fa-aae925dae9f6/resourceGroups/nizam-net-rg/providers/Microsoft.Network/virtualNetworks/vnet-001/subnets/AzureFirewallSubnet",
            "name": "AzureFirewallSubnet",
            "private_endpoint_network_policies": "Disabled",
            "private_link_service_network_policies_enabled": true,
            "resource_group_name": "nizam-net-rg",
            "service_endpoint_policy_ids": null,
            "service_endpoints": [
              "Microsoft.AzureActiveDirectory",
              "Microsoft.AzureCosmosDB",
              "Microsoft.EventHub",
              "Microsoft.KeyVault",
              "Microsoft.ServiceBus",
              "Microsoft.Sql",
              "Microsoft.Storage"
            ],
            "timeouts": null,
            "virtual_network_name": "vnet-001"
          },
          "sensitive_attributes": [],
          "private": "eyJlMmJmYjczMC1lY2FhLTExZTYtOGY4OC0zNDM2M2JjN2M0YzAiOnsiY3JlYXRlIjoxODAwMDAwMDAwMDAwLCJkZWxldGUiOjE4MDAwMDAwMDAwMDAsInJlYWQiOjMwMDAwMDAwMDAwMCwidXBkYXRlIjoxODAwMDAwMDAwMDAwfX0=",
          "dependencies": [
            "module.resource_group_name.azurerm_resource_group.rg",
            "module.vnet.azurerm_network_ddos_protection_plan.ddos",
            "module.vnet.azurerm_virtual_network.vnet"
          ]
        }
      ]
    },
    {
      "module": "module.vnet",
      "mode": "managed",
      "type": "azurerm_subnet",
      "name": "gw_snet",
      "provider": "provider[\"registry.terraform.io/hashicorp/azurerm\"]",
      "instances": [
        {
          "index_key": 0,
          "schema_version": 0,
          "attributes": {
            "address_prefixes": [
              "10.1.1.0/27"
            ],
            "default_outbound_access_enabled": true,
            "delegation": [],
            "id": "/subscriptions/e6b43cb4-eaf9-4ef0-a0fa-aae925dae9f6/resourceGroups/nizam-net-rg/providers/Microsoft.Network/virtualNetworks/vnet-001/subnets/GatewaySubnet",
            "name": "GatewaySubnet",
            "private_endpoint_network_policies": "Disabled",
            "private_link_service_network_policies_enabled": true,
            "resource_group_name": "nizam-net-rg",
            "service_endpoint_policy_ids": null,
            "service_endpoints": null,
            "timeouts": null,
            "virtual_network_name": "vnet-001"
          },
          "sensitive_attributes": [],
          "private": "eyJlMmJmYjczMC1lY2FhLTExZTYtOGY4OC0zNDM2M2JjN2M0YzAiOnsiY3JlYXRlIjoxODAwMDAwMDAwMDAwLCJkZWxldGUiOjE4MDAwMDAwMDAwMDAsInJlYWQiOjMwMDAwMDAwMDAwMCwidXBkYXRlIjoxODAwMDAwMDAwMDAwfX0=",
          "dependencies": [
            "module.resource_group_name.azurerm_resource_group.rg",
            "module.vnet.azurerm_network_ddos_protection_plan.ddos",
            "module.vnet.azurerm_virtual_network.vnet"
          ]
        }
      ]
    },
    {
      "module": "module.vnet",
      "mode": "managed",
      "type": "azurerm_subnet",
      "name": "snet",
      "provider": "provider[\"registry.terraform.io/hashicorp/azurerm\"]",
      "instances": [
        {
          "index_key": "app_subnet",
          "schema_version": 0,
          "attributes": {
            "address_prefixes": [
              "10.1.5.0/24"
            ],
            "default_outbound_access_enabled": true,
            "delegation": [
              {
                "name": "testdelegation",
                "service_delegation": [
                  {
                    "actions": [
                      "Microsoft.Network/virtualNetworks/subnets/join/action",
                      "Microsoft.Network/virtualNetworks/subnets/prepareNetworkPolicies/action"
                    ],
                    "name": "Microsoft.ContainerInstance/containerGroups"
                  }
                ]
              }
            ],
            "id": "/subscriptions/e6b43cb4-eaf9-4ef0-a0fa-aae925dae9f6/resourceGroups/nizam-net-rg/providers/Microsoft.Network/virtualNetworks/vnet-001/subnets/snet-app",
            "name": "snet-app",
            "private_endpoint_network_policies": "Disabled",
            "private_link_service_network_policies_enabled": true,
            "resource_group_name": "nizam-net-rg",
            "service_endpoint_policy_ids": null,
            "service_endpoints": null,
            "timeouts": null,
            "virtual_network_name": "vnet-001"
          },
          "sensitive_attributes": [],
          "private": "eyJlMmJmYjczMC1lY2FhLTExZTYtOGY4OC0zNDM2M2JjN2M0YzAiOnsiY3JlYXRlIjoxODAwMDAwMDAwMDAwLCJkZWxldGUiOjE4MDAwMDAwMDAwMDAsInJlYWQiOjMwMDAwMDAwMDAwMCwidXBkYXRlIjoxODAwMDAwMDAwMDAwfX0=",
          "dependencies": [
            "module.resource_group_name.azurerm_resource_group.rg",
            "module.vnet.azurerm_network_ddos_protection_plan.ddos",
            "module.vnet.azurerm_virtual_network.vnet"
          ]
        },
        {
          "index_key": "db_subnet",
          "schema_version": 0,
          "attributes": {
            "address_prefixes": [
              "10.1.6.0/24"
            ],
            "default_outbound_access_enabled": true,
            "delegation": [
              {
                "name": "testdelegation",
                "service_delegation": [
                  {
                    "actions": [
                      "Microsoft.Network/virtualNetworks/subnets/join/action",
                      "Microsoft.Network/virtualNetworks/subnets/prepareNetworkPolicies/action"
                    ],
                    "name": "Microsoft.ContainerInstance/containerGroups"
                  }
                ]
              }
            ],
            "id": "/subscriptions/e6b43cb4-eaf9-4ef0-a0fa-aae925dae9f6/resourceGroups/nizam-net-rg/providers/Microsoft.Network/virtualNetworks/vnet-001/subnets/snet-db",
            "name": "snet-db",
            "private_endpoint_network_policies": "Disabled",
            "private_link_service_network_policies_enabled": true,
            "resource_group_name": "nizam-net-rg",
            "service_endpoint_policy_ids": null,
            "service_endpoints": null,
            "timeouts": null,
            "virtual_network_name": "vnet-001"
          },
          "sensitive_attributes": [],
          "private": "eyJlMmJmYjczMC1lY2FhLTExZTYtOGY4OC0zNDM2M2JjN2M0YzAiOnsiY3JlYXRlIjoxODAwMDAwMDAwMDAwLCJkZWxldGUiOjE4MDAwMDAwMDAwMDAsInJlYWQiOjMwMDAwMDAwMDAwMCwidXBkYXRlIjoxODAwMDAwMDAwMDAwfX0=",
          "dependencies": [
            "module.resource_group_name.azurerm_resource_group.rg",
            "module.vnet.azurerm_network_ddos_protection_plan.ddos",
            "module.vnet.azurerm_virtual_network.vnet"
          ]
        },
        {
          "index_key": "pvt_subnet",
          "schema_version": 0,
          "attributes": {
            "address_prefixes": [
              "10.1.4.0/24"
            ],
            "default_outbound_access_enabled": true,
            "delegation": [],
            "id": "/subscriptions/e6b43cb4-eaf9-4ef0-a0fa-aae925dae9f6/resourceGroups/nizam-net-rg/providers/Microsoft.Network/virtualNetworks/vnet-001/subnets/snet-pvt",
            "name": "snet-pvt",
            "private_endpoint_network_policies": "Disabled",
            "private_link_service_network_policies_enabled": true,
            "resource_group_name": "nizam-net-rg",
            "service_endpoint_policy_ids": null,
            "service_endpoints": [
              "Microsoft.Storage"
            ],
            "timeouts": null,
            "virtual_network_name": "vnet-001"
          },
          "sensitive_attributes": [],
          "private": "eyJlMmJmYjczMC1lY2FhLTExZTYtOGY4OC0zNDM2M2JjN2M0YzAiOnsiY3JlYXRlIjoxODAwMDAwMDAwMDAwLCJkZWxldGUiOjE4MDAwMDAwMDAwMDAsInJlYWQiOjMwMDAwMDAwMDAwMCwidXBkYXRlIjoxODAwMDAwMDAwMDAwfX0=",
          "dependencies": [
            "module.resource_group_name.azurerm_resource_group.rg",
            "module.vnet.azurerm_network_ddos_protection_plan.ddos",
            "module.vnet.azurerm_virtual_network.vnet"
          ]
        }
      ]
    },
    {
      "module": "module.vnet",
      "mode": "managed",
      "type": "azurerm_virtual_network",
      "name": "vnet",
      "provider": "provider[\"registry.terraform.io/hashicorp/azurerm\"]",
      "instances": [
        {
          "schema_version": 0,
          "attributes": {
            "address_space": [
              "10.1.0.0/16"
            ],
            "bgp_community": "",
            "ddos_protection_plan": [],
            "dns_servers": [
              "8.8.8.8",
              "4.4.4.4"
            ],
            "edge_zone": "",
            "encryption": [],
            "flow_timeout_in_minutes": 0,
            "guid": "aa672572-9014-405a-be73-a9104f791b1f",
            "id": "/subscriptions/e6b43cb4-eaf9-4ef0-a0fa-aae925dae9f6/resourceGroups/nizam-net-rg/providers/Microsoft.Network/virtualNetworks/vnet-001",
            "location": "eastus",
            "name": "vnet-001",
            "resource_group_name": "nizam-net-rg",
            "subnet": [],
            "tags": {
              "BusinessUnit": "CORP",
              "Env": "dev",
              "Name": "vnet-001",
              "Owner": "user@example.com",
              "ProjectName": "demo-internal",
              "ServiceClass": "Gold"
            },
            "timeouts": null
          },
          "sensitive_attributes": [],
          "private": "eyJlMmJmYjczMC1lY2FhLTExZTYtOGY4OC0zNDM2M2JjN2M0YzAiOnsiY3JlYXRlIjoxODAwMDAwMDAwMDAwLCJkZWxldGUiOjE4MDAwMDAwMDAwMDAsInJlYWQiOjMwMDAwMDAwMDAwMCwidXBkYXRlIjoxODAwMDAwMDAwMDAwfX0=",
          "dependencies": [
            "module.resource_group_name.azurerm_resource_group.rg",
            "module.vnet.azurerm_network_ddos_protection_plan.ddos"
          ]
        }
      ]
    },
    {
      "module": "module.vpn-gateway",
      "mode": "managed",
      "type": "azurerm_public_ip",
      "name": "pip_gw",
      "provider": "provider[\"registry.terraform.io/hashicorp/azurerm\"]",
      "instances": [
        {
          "schema_version": 0,
          "attributes": {
            "allocation_method": "Static",
            "ddos_protection_mode": "VirtualNetworkInherited",
            "ddos_protection_plan_id": null,
            "domain_name_label": "gwsharedvpngw0143pfor",
            "domain_name_label_scope": "",
            "edge_zone": "",
            "fqdn": "gwsharedvpngw0143pfor.eastus.cloudapp.azure.com",
            "id": "/subscriptions/e6b43cb4-eaf9-4ef0-a0fa-aae925dae9f6/resourceGroups/nizam-net-rg/providers/Microsoft.Network/publicIPAddresses/shared-vpn-gw01-eastus-gw-pip",
            "idle_timeout_in_minutes": 4,
            "ip_address": "74.235.238.47",
            "ip_tags": null,
            "ip_version": "IPv4",
            "location": "eastus",
            "name": "shared-vpn-gw01-eastus-gw-pip",
            "public_ip_prefix_id": null,
            "resource_group_name": "nizam-net-rg",
            "reverse_fqdn": "",
            "sku": "Standard",
            "sku_tier": "Regional",
            "tags": {
              "BusinessUnit": "CORP",
              "Env": "dev",
              "Owner": "user@example.com",
              "ProjectName": "demo-internal",
              "ResourceName": "shared-vpn-gw01-eastus-gw-pip",
              "ServiceClass": "Gold"
            },
            "timeouts": null,
            "zones": null
          },
          "sensitive_attributes": [],
          "private": "eyJlMmJmYjczMC1lY2FhLTExZTYtOGY4OC0zNDM2M2JjN2M0YzAiOnsiY3JlYXRlIjoxODAwMDAwMDAwMDAwLCJkZWxldGUiOjE4MDAwMDAwMDAwMDAsInJlYWQiOjMwMDAwMDAwMDAwMCwidXBkYXRlIjoxODAwMDAwMDAwMDAwfX0=",
          "dependencies": [
            "module.resource_group_name.azurerm_resource_group.rg",
            "module.vpn-gateway.random_string.str"
          ]
        }
      ]
    },
    {
      "module": "module.vpn-gateway",
      "mode": "managed",
      "type": "random_string",
      "name": "str",
      "provider": "provider[\"registry.terraform.io/hashicorp/random\"]",
      "instances": [
        {
          "schema_version": 2,
          "attributes": {
            "id": "43pfor",
            "keepers": {
              "domain_name_label": "shared-vpn-gw01"
            },
            "length": 6,
            "lower": true,
            "min_lower": 0,
            "min_numeric": 0,
            "min_special": 0,
            "min_upper": 0,
            "number": true,
            "numeric": true,
            "override_special": null,
            "result": "43pfor",
            "special": false,
            "upper": false
          },
          "sensitive_attributes": []
        }
      ]
    }
  ],
  "check_results": null
}
